// !$*UTF8*$!
{
	archiveVersion = 1;
	classes = {
	};
	objectVersion = 48;
	objects = {

/* Begin PBXBuildFile section */
		4C143C6B202C526A00306F7A /* StoryboardViewController.swift in Sources */ = {isa = PBXBuildFile; fileRef = 4C143C6A202C526A00306F7A /* StoryboardViewController.swift */; };
		4C143C6D202C52CD00306F7A /* StoryboardTableViewCell.swift in Sources */ = {isa = PBXBuildFile; fileRef = 4C143C6C202C52CD00306F7A /* StoryboardTableViewCell.swift */; };
		4C143C6F202C54DE00306F7A /* CustomStoryboradViewController.swift in Sources */ = {isa = PBXBuildFile; fileRef = 4C143C6E202C54DE00306F7A /* CustomStoryboradViewController.swift */; };
		4C143C71202C575B00306F7A /* StoryboardNavigationBar.storyboard in Resources */ = {isa = PBXBuildFile; fileRef = 4C143C70202C575B00306F7A /* StoryboardNavigationBar.storyboard */; };
		4C143C74202C5D7200306F7A /* MultipleNavBarButtonViewController.swift in Sources */ = {isa = PBXBuildFile; fileRef = 4C143C73202C5D7200306F7A /* MultipleNavBarButtonViewController.swift */; };
		4C143C7A202C663800306F7A /* ProgrammaticallyNavBar.storyboard in Resources */ = {isa = PBXBuildFile; fileRef = 4C143C79202C663800306F7A /* ProgrammaticallyNavBar.storyboard */; };
		4C143C81202C690600306F7A /* NavigationPromtSBViewController.swift in Sources */ = {isa = PBXBuildFile; fileRef = 4C143C80202C690600306F7A /* NavigationPromtSBViewController.swift */; };
		4C3533CB203AA70300747E8C /* CustomTitleViewController.swift in Sources */ = {isa = PBXBuildFile; fileRef = 4C3533CA203AA70300747E8C /* CustomTitleViewController.swift */; };
		4C3533D2203AB42C00747E8C /* CustomRightViewController.swift in Sources */ = {isa = PBXBuildFile; fileRef = 4C3533D1203AB42C00747E8C /* CustomRightViewController.swift */; };
		4C3533D4203AB4A900747E8C /* CodeTableViewCell.swift in Sources */ = {isa = PBXBuildFile; fileRef = 4C3533D3203AB4A900747E8C /* CodeTableViewCell.swift */; };
		4C3533D6203AB5B200747E8C /* CodeViewController.swift in Sources */ = {isa = PBXBuildFile; fileRef = 4C3533D5203AB5B200747E8C /* CodeViewController.swift */; };
		4C39FE86203AB6A5007051B2 /* NavBarTableTableViewController.swift in Sources */ = {isa = PBXBuildFile; fileRef = 4C39FE85203AB6A5007051B2 /* NavBarTableTableViewController.swift */; };
		4C39FE88203ABAAB007051B2 /* Assets.xcassets in Resources */ = {isa = PBXBuildFile; fileRef = 4C39FE87203ABAAB007051B2 /* Assets.xcassets */; };
		4C39FE8D203ACD25007051B2 /* CustomTitleCodeViewController.swift in Sources */ = {isa = PBXBuildFile; fileRef = 4C39FE8C203ACD25007051B2 /* CustomTitleCodeViewController.swift */; };
		4C39FE90203ACFA2007051B2 /* NavigationPromptViewController.swift in Sources */ = {isa = PBXBuildFile; fileRef = 4C39FE8F203ACFA2007051B2 /* NavigationPromptViewController.swift */; };
		4C39FE93203AD0A7007051B2 /* LargeTitleViewController.swift in Sources */ = {isa = PBXBuildFile; fileRef = 4C39FE92203AD0A7007051B2 /* LargeTitleViewController.swift */; };
		4C39FEA9203AE711007051B2 /* MultipleNavigationButtonViewController.swift in Sources */ = {isa = PBXBuildFile; fileRef = 4C39FEA8203AE711007051B2 /* MultipleNavigationButtonViewController.swift */; };
		4CB3FA08202C119200593222 /* AppDelegate.swift in Sources */ = {isa = PBXBuildFile; fileRef = 4CB3FA07202C119200593222 /* AppDelegate.swift */; };
		4CB3FA0D202C119200593222 /* Main.storyboard in Resources */ = {isa = PBXBuildFile; fileRef = 4CB3FA0B202C119200593222 /* Main.storyboard */; };
		4CB3FA12202C119200593222 /* LaunchScreen.storyboard in Resources */ = {isa = PBXBuildFile; fileRef = 4CB3FA10202C119200593222 /* LaunchScreen.storyboard */; };
		4CB3FA1D202C119200593222 /* CustomNavigationTabBarTests.swift in Sources */ = {isa = PBXBuildFile; fileRef = 4CB3FA1C202C119200593222 /* CustomNavigationTabBarTests.swift */; };
		4CB3FA28202C119200593222 /* CustomNavigationTabBarUITests.swift in Sources */ = {isa = PBXBuildFile; fileRef = 4CB3FA27202C119200593222 /* CustomNavigationTabBarUITests.swift */; };
		4CC3FFC2203465F30075D287 /* CustomNavButtonStoryBoard.swift in Sources */ = {isa = PBXBuildFile; fileRef = 4CC3FFC1203465F30075D287 /* CustomNavButtonStoryBoard.swift */; };
/* End PBXBuildFile section */

/* Begin PBXContainerItemProxy section */
		4CB3FA19202C119200593222 /* PBXContainerItemProxy */ = {
			isa = PBXContainerItemProxy;
			containerPortal = 4CB3F9FC202C119200593222 /* Project object */;
			proxyType = 1;
			remoteGlobalIDString = 4CB3FA03202C119200593222;
			remoteInfo = CustomNavigationTabBar;
		};
		4CB3FA24202C119200593222 /* PBXContainerItemProxy */ = {
			isa = PBXContainerItemProxy;
			containerPortal = 4CB3F9FC202C119200593222 /* Project object */;
			proxyType = 1;
			remoteGlobalIDString = 4CB3FA03202C119200593222;
			remoteInfo = CustomNavigationTabBar;
		};
/* End PBXContainerItemProxy section */

/* Begin PBXFileReference section */
		4C143C6A202C526A00306F7A /* StoryboardViewController.swift */ = {isa = PBXFileReference; lastKnownFileType = sourcecode.swift; path = StoryboardViewController.swift; sourceTree = "<group>"; };
		4C143C6C202C52CD00306F7A /* StoryboardTableViewCell.swift */ = {isa = PBXFileReference; lastKnownFileType = sourcecode.swift; path = StoryboardTableViewCell.swift; sourceTree = "<group>"; };
		4C143C6E202C54DE00306F7A /* CustomStoryboradViewController.swift */ = {isa = PBXFileReference; lastKnownFileType = sourcecode.swift; path = CustomStoryboradViewController.swift; sourceTree = "<group>"; };
		4C143C70202C575B00306F7A /* StoryboardNavigationBar.storyboard */ = {isa = PBXFileReference; lastKnownFileType = file.storyboard; path = StoryboardNavigationBar.storyboard; sourceTree = "<group>"; };
		4C143C73202C5D7200306F7A /* MultipleNavBarButtonViewController.swift */ = {isa = PBXFileReference; lastKnownFileType = sourcecode.swift; path = MultipleNavBarButtonViewController.swift; sourceTree = "<group>"; };
		4C143C79202C663800306F7A /* ProgrammaticallyNavBar.storyboard */ = {isa = PBXFileReference; lastKnownFileType = file.storyboard; path = ProgrammaticallyNavBar.storyboard; sourceTree = "<group>"; };
		4C143C80202C690600306F7A /* NavigationPromtSBViewController.swift */ = {isa = PBXFileReference; lastKnownFileType = sourcecode.swift; path = NavigationPromtSBViewController.swift; sourceTree = "<group>"; };
		4C3533CA203AA70300747E8C /* CustomTitleViewController.swift */ = {isa = PBXFileReference; lastKnownFileType = sourcecode.swift; path = CustomTitleViewController.swift; sourceTree = "<group>"; };
		4C3533D1203AB42C00747E8C /* CustomRightViewController.swift */ = {isa = PBXFileReference; lastKnownFileType = sourcecode.swift; path = CustomRightViewController.swift; sourceTree = "<group>"; };
		4C3533D3203AB4A900747E8C /* CodeTableViewCell.swift */ = {isa = PBXFileReference; lastKnownFileType = sourcecode.swift; path = CodeTableViewCell.swift; sourceTree = "<group>"; };
		4C3533D5203AB5B200747E8C /* CodeViewController.swift */ = {isa = PBXFileReference; lastKnownFileType = sourcecode.swift; path = CodeViewController.swift; sourceTree = "<group>"; };
		4C39FE85203AB6A5007051B2 /* NavBarTableTableViewController.swift */ = {isa = PBXFileReference; lastKnownFileType = sourcecode.swift; path = NavBarTableTableViewController.swift; sourceTree = "<group>"; };
		4C39FE87203ABAAB007051B2 /* Assets.xcassets */ = {isa = PBXFileReference; lastKnownFileType = folder.assetcatalog; path = Assets.xcassets; sourceTree = "<group>"; };
		4C39FE8C203ACD25007051B2 /* CustomTitleCodeViewController.swift */ = {isa = PBXFileReference; lastKnownFileType = sourcecode.swift; path = CustomTitleCodeViewController.swift; sourceTree = "<group>"; };
		4C39FE8F203ACFA2007051B2 /* NavigationPromptViewController.swift */ = {isa = PBXFileReference; lastKnownFileType = sourcecode.swift; path = NavigationPromptViewController.swift; sourceTree = "<group>"; };
		4C39FE92203AD0A7007051B2 /* LargeTitleViewController.swift */ = {isa = PBXFileReference; lastKnownFileType = sourcecode.swift; path = LargeTitleViewController.swift; sourceTree = "<group>"; };
		4C39FEA8203AE711007051B2 /* MultipleNavigationButtonViewController.swift */ = {isa = PBXFileReference; lastKnownFileType = sourcecode.swift; path = MultipleNavigationButtonViewController.swift; sourceTree = "<group>"; };
		4CB3FA04202C119200593222 /* CustomNavigationTabBar.app */ = {isa = PBXFileReference; explicitFileType = wrapper.application; includeInIndex = 0; path = CustomNavigationTabBar.app; sourceTree = BUILT_PRODUCTS_DIR; };
		4CB3FA07202C119200593222 /* AppDelegate.swift */ = {isa = PBXFileReference; lastKnownFileType = sourcecode.swift; path = AppDelegate.swift; sourceTree = "<group>"; };
		4CB3FA0C202C119200593222 /* Base */ = {isa = PBXFileReference; lastKnownFileType = file.storyboard; name = Base; path = Base.lproj/Main.storyboard; sourceTree = "<group>"; };
		4CB3FA11202C119200593222 /* Base */ = {isa = PBXFileReference; lastKnownFileType = file.storyboard; name = Base; path = Base.lproj/LaunchScreen.storyboard; sourceTree = "<group>"; };
		4CB3FA13202C119200593222 /* Info.plist */ = {isa = PBXFileReference; lastKnownFileType = text.plist.xml; path = Info.plist; sourceTree = "<group>"; };
		4CB3FA18202C119200593222 /* CustomNavigationTabBarTests.xctest */ = {isa = PBXFileReference; explicitFileType = wrapper.cfbundle; includeInIndex = 0; path = CustomNavigationTabBarTests.xctest; sourceTree = BUILT_PRODUCTS_DIR; };
		4CB3FA1C202C119200593222 /* CustomNavigationTabBarTests.swift */ = {isa = PBXFileReference; lastKnownFileType = sourcecode.swift; path = CustomNavigationTabBarTests.swift; sourceTree = "<group>"; };
		4CB3FA1E202C119200593222 /* Info.plist */ = {isa = PBXFileReference; lastKnownFileType = text.plist.xml; path = Info.plist; sourceTree = "<group>"; };
		4CB3FA23202C119200593222 /* CustomNavigationTabBarUITests.xctest */ = {isa = PBXFileReference; explicitFileType = wrapper.cfbundle; includeInIndex = 0; path = CustomNavigationTabBarUITests.xctest; sourceTree = BUILT_PRODUCTS_DIR; };
		4CB3FA27202C119200593222 /* CustomNavigationTabBarUITests.swift */ = {isa = PBXFileReference; lastKnownFileType = sourcecode.swift; path = CustomNavigationTabBarUITests.swift; sourceTree = "<group>"; };
		4CB3FA29202C119200593222 /* Info.plist */ = {isa = PBXFileReference; lastKnownFileType = text.plist.xml; path = Info.plist; sourceTree = "<group>"; };
		4CC3FFC1203465F30075D287 /* CustomNavButtonStoryBoard.swift */ = {isa = PBXFileReference; lastKnownFileType = sourcecode.swift; path = CustomNavButtonStoryBoard.swift; sourceTree = "<group>"; };
/* End PBXFileReference section */

/* Begin PBXFrameworksBuildPhase section */
		4CB3FA01202C119200593222 /* Frameworks */ = {
			isa = PBXFrameworksBuildPhase;
			buildActionMask = 2147483647;
			files = (
			);
			runOnlyForDeploymentPostprocessing = 0;
		};
		4CB3FA15202C119200593222 /* Frameworks */ = {
			isa = PBXFrameworksBuildPhase;
			buildActionMask = 2147483647;
			files = (
			);
			runOnlyForDeploymentPostprocessing = 0;
		};
		4CB3FA20202C119200593222 /* Frameworks */ = {
			isa = PBXFrameworksBuildPhase;
			buildActionMask = 2147483647;
			files = (
			);
			runOnlyForDeploymentPostprocessing = 0;
		};
/* End PBXFrameworksBuildPhase section */

/* Begin PBXGroup section */
		4C143C67202C514C00306F7A /* NavigationBarTypes */ = {
			isa = PBXGroup;
			children = (
				4C39FE85203AB6A5007051B2 /* NavBarTableTableViewController.swift */,
				4C143C76202C65AE00306F7A /* NavigationBarWithCode */,
				4C143C75202C659000306F7A /* NavigationBarWithStoryboard */,
			);
			path = NavigationBarTypes;
			sourceTree = "<group>";
		};
		4C143C72202C598C00306F7A /* StoryBoard */ = {
			isa = PBXGroup;
			children = (
				4CB3FA0B202C119200593222 /* Main.storyboard */,
				4C143C70202C575B00306F7A /* StoryboardNavigationBar.storyboard */,
				4C143C79202C663800306F7A /* ProgrammaticallyNavBar.storyboard */,
			);
			path = StoryBoard;
			sourceTree = "<group>";
		};
		4C143C75202C659000306F7A /* NavigationBarWithStoryboard */ = {
			isa = PBXGroup;
			children = (
				4C143C6C202C52CD00306F7A /* StoryboardTableViewCell.swift */,
				4C143C6A202C526A00306F7A /* StoryboardViewController.swift */,
				4C7EF7C8203AA20900B120E4 /* NavigationPromt */,
				4CC3FFC0203465C90075D287 /* CustonNavButton */,
				4C143C7F202C68B800306F7A /* Navigation Promt */,
				4C143C7E202C68A000306F7A /* MultipleNavBarButton */,
				4C143C7D202C687B00306F7A /* CustomStoryboradNavBar */,
			);
			path = NavigationBarWithStoryboard;
			sourceTree = "<group>";
		};
		4C143C76202C65AE00306F7A /* NavigationBarWithCode */ = {
			isa = PBXGroup;
			children = (
				4C3533D5203AB5B200747E8C /* CodeViewController.swift */,
				4C3533D3203AB4A900747E8C /* CodeTableViewCell.swift */,
				4C39FEA7203AE6DD007051B2 /* AddMultipleNavigationButton */,
				4C39FE91203AD09E007051B2 /* New Group */,
				4C39FE8E203ACF8E007051B2 /* NavigationPrompt */,
				4C39FE89203ACCD0007051B2 /* CustomTitleView */,
				4C3533CC203AB3B100747E8C /* CustomRightView  */,
			);
			path = NavigationBarWithCode;
			sourceTree = "<group>";
		};
		4C143C7D202C687B00306F7A /* CustomStoryboradNavBar */ = {
			isa = PBXGroup;
			children = (
				4C143C6E202C54DE00306F7A /* CustomStoryboradViewController.swift */,
			);
			path = CustomStoryboradNavBar;
			sourceTree = "<group>";
		};
		4C143C7E202C68A000306F7A /* MultipleNavBarButton */ = {
			isa = PBXGroup;
			children = (
				4C143C73202C5D7200306F7A /* MultipleNavBarButtonViewController.swift */,
			);
			path = MultipleNavBarButton;
			sourceTree = "<group>";
		};
		4C143C7F202C68B800306F7A /* Navigation Promt */ = {
			isa = PBXGroup;
			children = (
				4C143C80202C690600306F7A /* NavigationPromtSBViewController.swift */,
			);
			path = "Navigation Promt";
			sourceTree = "<group>";
		};
		4C3533CC203AB3B100747E8C /* CustomRightView  */ = {
			isa = PBXGroup;
			children = (
				4C3533D1203AB42C00747E8C /* CustomRightViewController.swift */,
			);
			path = "CustomRightView ";
			sourceTree = "<group>";
		};
		4C39FE89203ACCD0007051B2 /* CustomTitleView */ = {
			isa = PBXGroup;
			children = (
				4C39FE8C203ACD25007051B2 /* CustomTitleCodeViewController.swift */,
			);
			path = CustomTitleView;
			sourceTree = "<group>";
		};
		4C39FE8E203ACF8E007051B2 /* NavigationPrompt */ = {
			isa = PBXGroup;
			children = (
				4C39FE8F203ACFA2007051B2 /* NavigationPromptViewController.swift */,
			);
			path = NavigationPrompt;
			sourceTree = "<group>";
		};
		4C39FE91203AD09E007051B2 /* New Group */ = {
			isa = PBXGroup;
			children = (
				4C39FE92203AD0A7007051B2 /* LargeTitleViewController.swift */,
			);
			path = "New Group";
			sourceTree = "<group>";
		};
		4C39FEA7203AE6DD007051B2 /* AddMultipleNavigationButton */ = {
			isa = PBXGroup;
			children = (
				4C39FEA8203AE711007051B2 /* MultipleNavigationButtonViewController.swift */,
			);
			path = AddMultipleNavigationButton;
			sourceTree = "<group>";
		};
		4C7EF7C8203AA20900B120E4 /* NavigationPromt */ = {
			isa = PBXGroup;
			children = (
				4C3533CA203AA70300747E8C /* CustomTitleViewController.swift */,
			);
			path = NavigationPromt;
			sourceTree = "<group>";
		};
		4CB3F9FB202C119200593222 = {
			isa = PBXGroup;
			children = (
				4CB3FA06202C119200593222 /* CustomNavigationTabBar */,
				4CB3FA1B202C119200593222 /* CustomNavigationTabBarTests */,
				4CB3FA26202C119200593222 /* CustomNavigationTabBarUITests */,
				4CB3FA05202C119200593222 /* Products */,
			);
			sourceTree = "<group>";
		};
		4CB3FA05202C119200593222 /* Products */ = {
			isa = PBXGroup;
			children = (
				4CB3FA04202C119200593222 /* CustomNavigationTabBar.app */,
				4CB3FA18202C119200593222 /* CustomNavigationTabBarTests.xctest */,
				4CB3FA23202C119200593222 /* CustomNavigationTabBarUITests.xctest */,
			);
			name = Products;
			sourceTree = "<group>";
		};
		4CB3FA06202C119200593222 /* CustomNavigationTabBar */ = {
			isa = PBXGroup;
			children = (
				4C143C72202C598C00306F7A /* StoryBoard */,
				4C143C67202C514C00306F7A /* NavigationBarTypes */,
				4CB3FA07202C119200593222 /* AppDelegate.swift */,
				4C39FE87203ABAAB007051B2 /* Assets.xcassets */,
				4CB3FA10202C119200593222 /* LaunchScreen.storyboard */,
				4CB3FA13202C119200593222 /* Info.plist */,
			);
			path = CustomNavigationTabBar;
			sourceTree = "<group>";
		};
		4CB3FA1B202C119200593222 /* CustomNavigationTabBarTests */ = {
			isa = PBXGroup;
			children = (
				4CB3FA1C202C119200593222 /* CustomNavigationTabBarTests.swift */,
				4CB3FA1E202C119200593222 /* Info.plist */,
			);
			path = CustomNavigationTabBarTests;
			sourceTree = "<group>";
		};
		4CB3FA26202C119200593222 /* CustomNavigationTabBarUITests */ = {
			isa = PBXGroup;
			children = (
				4CB3FA27202C119200593222 /* CustomNavigationTabBarUITests.swift */,
				4CB3FA29202C119200593222 /* Info.plist */,
			);
			path = CustomNavigationTabBarUITests;
			sourceTree = "<group>";
		};
		4CC3FFC0203465C90075D287 /* CustonNavButton */ = {
			isa = PBXGroup;
			children = (
				4CC3FFC1203465F30075D287 /* CustomNavButtonStoryBoard.swift */,
			);
			path = CustonNavButton;
			sourceTree = "<group>";
		};
/* End PBXGroup section */

/* Begin PBXNativeTarget section */
		4CB3FA03202C119200593222 /* CustomNavigationTabBar */ = {
			isa = PBXNativeTarget;
			buildConfigurationList = 4CB3FA2C202C119200593222 /* Build configuration list for PBXNativeTarget "CustomNavigationTabBar" */;
			buildPhases = (
				4CB3FA00202C119200593222 /* Sources */,
				4CB3FA01202C119200593222 /* Frameworks */,
				4CB3FA02202C119200593222 /* Resources */,
			);
			buildRules = (
			);
			dependencies = (
			);
			name = CustomNavigationTabBar;
			productName = CustomNavigationTabBar;
			productReference = 4CB3FA04202C119200593222 /* CustomNavigationTabBar.app */;
			productType = "com.apple.product-type.application";
		};
		4CB3FA17202C119200593222 /* CustomNavigationTabBarTests */ = {
			isa = PBXNativeTarget;
			buildConfigurationList = 4CB3FA2F202C119200593222 /* Build configuration list for PBXNativeTarget "CustomNavigationTabBarTests" */;
			buildPhases = (
				4CB3FA14202C119200593222 /* Sources */,
				4CB3FA15202C119200593222 /* Frameworks */,
				4CB3FA16202C119200593222 /* Resources */,
			);
			buildRules = (
			);
			dependencies = (
				4CB3FA1A202C119200593222 /* PBXTargetDependency */,
			);
			name = CustomNavigationTabBarTests;
			productName = CustomNavigationTabBarTests;
			productReference = 4CB3FA18202C119200593222 /* CustomNavigationTabBarTests.xctest */;
			productType = "com.apple.product-type.bundle.unit-test";
		};
		4CB3FA22202C119200593222 /* CustomNavigationTabBarUITests */ = {
			isa = PBXNativeTarget;
			buildConfigurationList = 4CB3FA32202C119200593222 /* Build configuration list for PBXNativeTarget "CustomNavigationTabBarUITests" */;
			buildPhases = (
				4CB3FA1F202C119200593222 /* Sources */,
				4CB3FA20202C119200593222 /* Frameworks */,
				4CB3FA21202C119200593222 /* Resources */,
			);
			buildRules = (
			);
			dependencies = (
				4CB3FA25202C119200593222 /* PBXTargetDependency */,
			);
			name = CustomNavigationTabBarUITests;
			productName = CustomNavigationTabBarUITests;
			productReference = 4CB3FA23202C119200593222 /* CustomNavigationTabBarUITests.xctest */;
			productType = "com.apple.product-type.bundle.ui-testing";
		};
/* End PBXNativeTarget section */

/* Begin PBXProject section */
		4CB3F9FC202C119200593222 /* Project object */ = {
			isa = PBXProject;
			attributes = {
				LastSwiftUpdateCheck = 0920;
				LastUpgradeCheck = 0920;
				ORGANIZATIONNAME = developerFly;
				TargetAttributes = {
					4CB3FA03202C119200593222 = {
						CreatedOnToolsVersion = 9.2;
						ProvisioningStyle = Automatic;
					};
					4CB3FA17202C119200593222 = {
						CreatedOnToolsVersion = 9.2;
						ProvisioningStyle = Automatic;
						TestTargetID = 4CB3FA03202C119200593222;
					};
					4CB3FA22202C119200593222 = {
						CreatedOnToolsVersion = 9.2;
						ProvisioningStyle = Automatic;
						TestTargetID = 4CB3FA03202C119200593222;
					};
				};
			};
			buildConfigurationList = 4CB3F9FF202C119200593222 /* Build configuration list for PBXProject "CustomNavigationTabBar" */;
			compatibilityVersion = "Xcode 8.0";
			developmentRegion = en;
			hasScannedForEncodings = 0;
			knownRegions = (
				en,
				Base,
			);
			mainGroup = 4CB3F9FB202C119200593222;
			productRefGroup = 4CB3FA05202C119200593222 /* Products */;
			projectDirPath = "";
			projectRoot = "";
			targets = (
				4CB3FA03202C119200593222 /* CustomNavigationTabBar */,
				4CB3FA17202C119200593222 /* CustomNavigationTabBarTests */,
				4CB3FA22202C119200593222 /* CustomNavigationTabBarUITests */,
			);
		};
/* End PBXProject section */

/* Begin PBXResourcesBuildPhase section */
		4CB3FA02202C119200593222 /* Resources */ = {
			isa = PBXResourcesBuildPhase;
			buildActionMask = 2147483647;
			files = (
				4C143C7A202C663800306F7A /* ProgrammaticallyNavBar.storyboard in Resources */,
				4CB3FA12202C119200593222 /* LaunchScreen.storyboard in Resources */,
				4CB3FA0D202C119200593222 /* Main.storyboard in Resources */,
				4C143C71202C575B00306F7A /* StoryboardNavigationBar.storyboard in Resources */,
				4C39FE88203ABAAB007051B2 /* Assets.xcassets in Resources */,
			);
			runOnlyForDeploymentPostprocessing = 0;
		};
		4CB3FA16202C119200593222 /* Resources */ = {
			isa = PBXResourcesBuildPhase;
			buildActionMask = 2147483647;
			files = (
			);
			runOnlyForDeploymentPostprocessing = 0;
		};
		4CB3FA21202C119200593222 /* Resources */ = {
			isa = PBXResourcesBuildPhase;
			buildActionMask = 2147483647;
			files = (
			);
			runOnlyForDeploymentPostprocessing = 0;
		};
/* End PBXResourcesBuildPhase section */

/* Begin PBXSourcesBuildPhase section */
		4CB3FA00202C119200593222 /* Sources */ = {
			isa = PBXSourcesBuildPhase;
			buildActionMask = 2147483647;
			files = (
				4C143C6F202C54DE00306F7A /* CustomStoryboradViewController.swift in Sources */,
				4C143C6D202C52CD00306F7A /* StoryboardTableViewCell.swift in Sources */,
				4C3533D2203AB42C00747E8C /* CustomRightViewController.swift in Sources */,
				4CB3FA08202C119200593222 /* AppDelegate.swift in Sources */,
				4C143C6B202C526A00306F7A /* StoryboardViewController.swift in Sources */,
				4C3533D4203AB4A900747E8C /* CodeTableViewCell.swift in Sources */,
				4C143C74202C5D7200306F7A /* MultipleNavBarButtonViewController.swift in Sources */,
				4C143C81202C690600306F7A /* NavigationPromtSBViewController.swift in Sources */,
				4C39FE93203AD0A7007051B2 /* LargeTitleViewController.swift in Sources */,
				4C39FE90203ACFA2007051B2 /* NavigationPromptViewController.swift in Sources */,
				4CC3FFC2203465F30075D287 /* CustomNavButtonStoryBoard.swift in Sources */,
				4C3533D6203AB5B200747E8C /* CodeViewController.swift in Sources */,
				4C39FE86203AB6A5007051B2 /* NavBarTableTableViewController.swift in Sources */,
				4C3533CB203AA70300747E8C /* CustomTitleViewController.swift in Sources */,
				4C39FEA9203AE711007051B2 /* MultipleNavigationButtonViewController.swift in Sources */,
				4C39FE8D203ACD25007051B2 /* CustomTitleCodeViewController.swift in Sources */,
			);
			runOnlyForDeploymentPostprocessing = 0;
		};
		4CB3FA14202C119200593222 /* Sources */ = {
			isa = PBXSourcesBuildPhase;
			buildActionMask = 2147483647;
			files = (
				4CB3FA1D202C119200593222 /* CustomNavigationTabBarTests.swift in Sources */,
			);
			runOnlyForDeploymentPostprocessing = 0;
		};
		4CB3FA1F202C119200593222 /* Sources */ = {
			isa = PBXSourcesBuildPhase;
			buildActionMask = 2147483647;
			files = (
				4CB3FA28202C119200593222 /* CustomNavigationTabBarUITests.swift in Sources */,
			);
			runOnlyForDeploymentPostprocessing = 0;
		};
/* End PBXSourcesBuildPhase section */

/* Begin PBXTargetDependency section */
		4CB3FA1A202C119200593222 /* PBXTargetDependency */ = {
			isa = PBXTargetDependency;
			target = 4CB3FA03202C119200593222 /* CustomNavigationTabBar */;
			targetProxy = 4CB3FA19202C119200593222 /* PBXContainerItemProxy */;
		};
		4CB3FA25202C119200593222 /* PBXTargetDependency */ = {
			isa = PBXTargetDependency;
			target = 4CB3FA03202C119200593222 /* CustomNavigationTabBar */;
			targetProxy = 4CB3FA24202C119200593222 /* PBXContainerItemProxy */;
		};
/* End PBXTargetDependency section */

/* Begin PBXVariantGroup section */
		4CB3FA0B202C119200593222 /* Main.storyboard */ = {
			isa = PBXVariantGroup;
			children = (
				4CB3FA0C202C119200593222 /* Base */,
			);
			name = Main.storyboard;
			sourceTree = "<group>";
		};
		4CB3FA10202C119200593222 /* LaunchScreen.storyboard */ = {
			isa = PBXVariantGroup;
			children = (
				4CB3FA11202C119200593222 /* Base */,
			);
			name = LaunchScreen.storyboard;
			sourceTree = "<group>";
		};
/* End PBXVariantGroup section */

/* Begin XCBuildConfiguration section */
		4CB3FA2A202C119200593222 /* Debug */ = {
			isa = XCBuildConfiguration;
			buildSettings = {
				ALWAYS_SEARCH_USER_PATHS = NO;
				CLANG_ANALYZER_NONNULL = YES;
				CLANG_ANALYZER_NUMBER_OBJECT_CONVERSION = YES_AGGRESSIVE;
				CLANG_CXX_LANGUAGE_STANDARD = "gnu++14";
				CLANG_CXX_LIBRARY = "libc++";
				CLANG_ENABLE_MODULES = YES;
				CLANG_ENABLE_OBJC_ARC = YES;
				CLANG_WARN_BLOCK_CAPTURE_AUTORELEASING = YES;
				CLANG_WARN_BOOL_CONVERSION = YES;
				CLANG_WARN_COMMA = YES;
				CLANG_WARN_CONSTANT_CONVERSION = YES;
				CLANG_WARN_DIRECT_OBJC_ISA_USAGE = YES_ERROR;
				CLANG_WARN_DOCUMENTATION_COMMENTS = YES;
				CLANG_WARN_EMPTY_BODY = YES;
				CLANG_WARN_ENUM_CONVERSION = YES;
				CLANG_WARN_INFINITE_RECURSION = YES;
				CLANG_WARN_INT_CONVERSION = YES;
				CLANG_WARN_NON_LITERAL_NULL_CONVERSION = YES;
				CLANG_WARN_OBJC_LITERAL_CONVERSION = YES;
				CLANG_WARN_OBJC_ROOT_CLASS = YES_ERROR;
				CLANG_WARN_RANGE_LOOP_ANALYSIS = YES;
				CLANG_WARN_STRICT_PROTOTYPES = YES;
				CLANG_WARN_SUSPICIOUS_MOVE = YES;
				CLANG_WARN_UNGUARDED_AVAILABILITY = YES_AGGRESSIVE;
				CLANG_WARN_UNREACHABLE_CODE = YES;
				CLANG_WARN__DUPLICATE_METHOD_MATCH = YES;
				CODE_SIGN_IDENTITY = "iPhone Developer";
				COPY_PHASE_STRIP = NO;
				DEBUG_INFORMATION_FORMAT = dwarf;
				ENABLE_STRICT_OBJC_MSGSEND = YES;
				ENABLE_TESTABILITY = YES;
				GCC_C_LANGUAGE_STANDARD = gnu11;
				GCC_DYNAMIC_NO_PIC = NO;
				GCC_NO_COMMON_BLOCKS = YES;
				GCC_OPTIMIZATION_LEVEL = 0;
				GCC_PREPROCESSOR_DEFINITIONS = (
					"DEBUG=1",
					"$(inherited)",
				);
				GCC_WARN_64_TO_32_BIT_CONVERSION = YES;
				GCC_WARN_ABOUT_RETURN_TYPE = YES_ERROR;
				GCC_WARN_UNDECLARED_SELECTOR = YES;
				GCC_WARN_UNINITIALIZED_AUTOS = YES_AGGRESSIVE;
				GCC_WARN_UNUSED_FUNCTION = YES;
				GCC_WARN_UNUSED_VARIABLE = YES;
				IPHONEOS_DEPLOYMENT_TARGET = 11.2;
				MTL_ENABLE_DEBUG_INFO = YES;
				ONLY_ACTIVE_ARCH = YES;
				SDKROOT = iphoneos;
				SWIFT_ACTIVE_COMPILATION_CONDITIONS = DEBUG;
				SWIFT_OPTIMIZATION_LEVEL = "-Onone";
			};
			name = Debug;
		};
		4CB3FA2B202C119200593222 /* Release */ = {
			isa = XCBuildConfiguration;
			buildSettings = {
				ALWAYS_SEARCH_USER_PATHS = NO;
				CLANG_ANALYZER_NONNULL = YES;
				CLANG_ANALYZER_NUMBER_OBJECT_CONVERSION = YES_AGGRESSIVE;
				CLANG_CXX_LANGUAGE_STANDARD = "gnu++14";
				CLANG_CXX_LIBRARY = "libc++";
				CLANG_ENABLE_MODULES = YES;
				CLANG_ENABLE_OBJC_ARC = YES;
				CLANG_WARN_BLOCK_CAPTURE_AUTORELEASING = YES;
				CLANG_WARN_BOOL_CONVERSION = YES;
				CLANG_WARN_COMMA = YES;
				CLANG_WARN_CONSTANT_CONVERSION = YES;
				CLANG_WARN_DIRECT_OBJC_ISA_USAGE = YES_ERROR;
				CLANG_WARN_DOCUMENTATION_COMMENTS = YES;
				CLANG_WARN_EMPTY_BODY = YES;
				CLANG_WARN_ENUM_CONVERSION = YES;
				CLANG_WARN_INFINITE_RECURSION = YES;
				CLANG_WARN_INT_CONVERSION = YES;
				CLANG_WARN_NON_LITERAL_NULL_CONVERSION = YES;
				CLANG_WARN_OBJC_LITERAL_CONVERSION = YES;
				CLANG_WARN_OBJC_ROOT_CLASS = YES_ERROR;
				CLANG_WARN_RANGE_LOOP_ANALYSIS = YES;
				CLANG_WARN_STRICT_PROTOTYPES = YES;
				CLANG_WARN_SUSPICIOUS_MOVE = YES;
				CLANG_WARN_UNGUARDED_AVAILABILITY = YES_AGGRESSIVE;
				CLANG_WARN_UNREACHABLE_CODE = YES;
				CLANG_WARN__DUPLICATE_METHOD_MATCH = YES;
				CODE_SIGN_IDENTITY = "iPhone Developer";
				COPY_PHASE_STRIP = NO;
				DEBUG_INFORMATION_FORMAT = "dwarf-with-dsym";
				ENABLE_NS_ASSERTIONS = NO;
				ENABLE_STRICT_OBJC_MSGSEND = YES;
				GCC_C_LANGUAGE_STANDARD = gnu11;
				GCC_NO_COMMON_BLOCKS = YES;
				GCC_WARN_64_TO_32_BIT_CONVERSION = YES;
				GCC_WARN_ABOUT_RETURN_TYPE = YES_ERROR;
				GCC_WARN_UNDECLARED_SELECTOR = YES;
				GCC_WARN_UNINITIALIZED_AUTOS = YES_AGGRESSIVE;
				GCC_WARN_UNUSED_FUNCTION = YES;
				GCC_WARN_UNUSED_VARIABLE = YES;
				IPHONEOS_DEPLOYMENT_TARGET = 11.2;
				MTL_ENABLE_DEBUG_INFO = NO;
				SDKROOT = iphoneos;
				SWIFT_OPTIMIZATION_LEVEL = "-Owholemodule";
				VALIDATE_PRODUCT = YES;
			};
			name = Release;
		};
		4CB3FA2D202C119200593222 /* Debug */ = {
			isa = XCBuildConfiguration;
			buildSettings = {
				ASSETCATALOG_COMPILER_APPICON_NAME = AppIcon;
				CODE_SIGN_STYLE = Automatic;
				INFOPLIST_FILE = CustomNavigationTabBar/Info.plist;
				LD_RUNPATH_SEARCH_PATHS = "$(inherited) @executable_path/Frameworks";
				PRODUCT_BUNDLE_IDENTIFIER = com.Aman.CustomNavigationTabBar;
				PRODUCT_NAME = "$(TARGET_NAME)";
				SWIFT_VERSION = 4.0;
				TARGETED_DEVICE_FAMILY = "1,2";
			};
			name = Debug;
		};
		4CB3FA2E202C119200593222 /* Release */ = {
			isa = XCBuildConfiguration;
			buildSettings = {
				ASSETCATALOG_COMPILER_APPICON_NAME = AppIcon;
				CODE_SIGN_STYLE = Automatic;
				INFOPLIST_FILE = CustomNavigationTabBar/Info.plist;
				LD_RUNPATH_SEARCH_PATHS = "$(inherited) @executable_path/Frameworks";
				PRODUCT_BUNDLE_IDENTIFIER = com.Aman.CustomNavigationTabBar;
				PRODUCT_NAME = "$(TARGET_NAME)";
				SWIFT_VERSION = 4.0;
				TARGETED_DEVICE_FAMILY = "1,2";
			};
			name = Release;
		};
		4CB3FA30202C119200593222 /* Debug */ = {
			isa = XCBuildConfiguration;
			buildSettings = {
				ALWAYS_EMBED_SWIFT_STANDARD_LIBRARIES = YES;
				BUNDLE_LOADER = "$(TEST_HOST)";
				CODE_SIGN_STYLE = Automatic;
				INFOPLIST_FILE = CustomNavigationTabBarTests/Info.plist;
				LD_RUNPATH_SEARCH_PATHS = "$(inherited) @executable_path/Frameworks @loader_path/Frameworks";
				PRODUCT_BUNDLE_IDENTIFIER = com.Aman.CustomNavigationTabBarTests;
				PRODUCT_NAME = "$(TARGET_NAME)";
				SWIFT_VERSION = 4.0;
				TARGETED_DEVICE_FAMILY = "1,2";
				TEST_HOST = "$(BUILT_PRODUCTS_DIR)/CustomNavigationTabBar.app/CustomNavigationTabBar";
			};
			name = Debug;
		};
		4CB3FA31202C119200593222 /* Release */ = {
			isa = XCBuildConfiguration;
			buildSettings = {
				ALWAYS_EMBED_SWIFT_STANDARD_LIBRARIES = YES;
				BUNDLE_LOADER = "$(TEST_HOST)";
				CODE_SIGN_STYLE = Automatic;
				INFOPLIST_FILE = CustomNavigationTabBarTests/Info.plist;
				LD_RUNPATH_SEARCH_PATHS = "$(inherited) @executable_path/Frameworks @loader_path/Frameworks";
				PRODUCT_BUNDLE_IDENTIFIER = com.Aman.CustomNavigationTabBarTests;
				PRODUCT_NAME = "$(TARGET_NAME)";
				SWIFT_VERSION = 4.0;
				TARGETED_DEVICE_FAMILY = "1,2";
				TEST_HOST = "$(BUILT_PRODUCTS_DIR)/CustomNavigationTabBar.app/CustomNavigationTabBar";
			};
			name = Release;
		};
		4CB3FA33202C119200593222 /* Debug */ = {
			isa = XCBuildConfiguration;
			buildSettings = {
				ALWAYS_EMBED_SWIFT_STANDARD_LIBRARIES = YES;
				CODE_SIGN_STYLE = Automatic;
				INFOPLIST_FILE = CustomNavigationTabBarUITests/Info.plist;
				LD_RUNPATH_SEARCH_PATHS = "$(inherited) @executable_path/Frameworks @loader_path/Frameworks";
				PRODUCT_BUNDLE_IDENTIFIER = com.Aman.CustomNavigationTabBarUITests;
				PRODUCT_NAME = "$(TARGET_NAME)";
				SWIFT_VERSION = 4.0;
				TARGETED_DEVICE_FAMILY = "1,2";
				TEST_TARGET_NAME = CustomNavigationTabBar;
			};
			name = Debug;
		};
		4CB3FA34202C119200593222 /* Release */ = {
			isa = XCBuildConfiguration;
			buildSettings = {
				ALWAYS_EMBED_SWIFT_STANDARD_LIBRARIES = YES;
				CODE_SIGN_STYLE = Automatic;
				INFOPLIST_FILE = CustomNavigationTabBarUITests/Info.plist;
				LD_RUNPATH_SEARCH_PATHS = "$(inherited) @executable_path/Frameworks @loader_path/Frameworks";
				PRODUCT_BUNDLE_IDENTIFIER = com.Aman.CustomNavigationTabBarUITests;
				PRODUCT_NAME = "$(TARGET_NAME)";
				SWIFT_VERSION = 4.0;
				TARGETED_DEVICE_FAMILY = "1,2";
				TEST_TARGET_NAME = CustomNavigationTabBar;
			};
			name = Release;
		};
/* End XCBuildConfiguration section */

/* Begin XCConfigurationList section */
		4CB3F9FF202C119200593222 /* Build configuration list for PBXProject "CustomNavigationTabBar" */ = {
			isa = XCConfigurationList;
			buildConfigurations = (
				4CB3FA2A202C119200593222 /* Debug */,
				4CB3FA2B202C119200593222 /* Release */,
			);
			defaultConfigurationIsVisible = 0;
			defaultConfigurationName = Release;
		};
		4CB3FA2C202C119200593222 /* Build configuration list for PBXNativeTarget "CustomNavigationTabBar" */ = {
			isa = XCConfigurationList;
			buildConfigurations = (
				4CB3FA2D202C119200593222 /* Debug */,
				4CB3FA2E202C119200593222 /* Release */,
			);
			defaultConfigurationIsVisible = 0;
			defaultConfigurationName = Release;
		};
		4CB3FA2F202C119200593222 /* Build configuration list for PBXNativeTarget "CustomNavigationTabBarTests" */ = {
			isa = XCConfigurationList;
			buildConfigurations = (
				4CB3FA30202C119200593222 /* Debug */,
				4CB3FA31202C119200593222 /* Release */,
			);
			defaultConfigurationIsVisible = 0;
			defaultConfigurationName = Release;
		};
		4CB3FA32202C119200593222 /* Build configuration list for PBXNativeTarget "CustomNavigationTabBarUITests" */ = {
			isa = XCConfigurationList;
			buildConfigurations = (
				4CB3FA33202C119200593222 /* Debug */,
				4CB3FA34202C119200593222 /* Release */,
			);
			defaultConfigurationIsVisible = 0;
			defaultConfigurationName = Release;
		};
/* End XCConfigurationList section */
	};
	rootObject = 4CB3F9FC202C119200593222 /* Project object */;
}
